// !$*UTF8*$!
{
	archiveVersion = 1;
	classes = {
	};
	objectVersion = 56;
	objects = {

/* Begin PBXBuildFile section */
		339D01FB2C24B89000B1BE7A /* AppDelegate.swift in Sources */ = {isa = PBXBuildFile; fileRef = 339D01FA2C24B89000B1BE7A /* AppDelegate.swift */; };
		339D01FD2C24B89000B1BE7A /* SceneDelegate.swift in Sources */ = {isa = PBXBuildFile; fileRef = 339D01FC2C24B89000B1BE7A /* SceneDelegate.swift */; };
		339D01FF2C24B89000B1BE7A /* ViewController.swift in Sources */ = {isa = PBXBuildFile; fileRef = 339D01FE2C24B89000B1BE7A /* ViewController.swift */; };
		339D02042C24B89200B1BE7A /* Assets.xcassets in Resources */ = {isa = PBXBuildFile; fileRef = 339D02032C24B89200B1BE7A /* Assets.xcassets */; };
		339D02072C24B89200B1BE7A /* LaunchScreen.storyboard in Resources */ = {isa = PBXBuildFile; fileRef = 339D02052C24B89200B1BE7A /* LaunchScreen.storyboard */; };
		339D02112C24B91800B1BE7A /* RegisterViewController.swift in Sources */ = {isa = PBXBuildFile; fileRef = 339D02102C24B91800B1BE7A /* RegisterViewController.swift */; };
		339D02152C24B96400B1BE7A /* RegisterScreen.swift in Sources */ = {isa = PBXBuildFile; fileRef = 339D02142C24B96400B1BE7A /* RegisterScreen.swift */; };
		339D021A2C24D4E800B1BE7A /* HomeScreen.swift in Sources */ = {isa = PBXBuildFile; fileRef = 339D02192C24D4E800B1BE7A /* HomeScreen.swift */; };
		339D021C2C24D4F800B1BE7A /* HomeViewController.swift in Sources */ = {isa = PBXBuildFile; fileRef = 339D021B2C24D4F800B1BE7A /* HomeViewController.swift */; };
		339D021F2C24DA1200B1BE7A /* Product.swift in Sources */ = {isa = PBXBuildFile; fileRef = 339D021E2C24DA1200B1BE7A /* Product.swift */; };
		339D02222C24E62D00B1BE7A /* ProductTableViewCell.swift in Sources */ = {isa = PBXBuildFile; fileRef = 339D02212C24E62D00B1BE7A /* ProductTableViewCell.swift */; };
		339D02242C24E6AB00B1BE7A /* ProductScreen.swift in Sources */ = {isa = PBXBuildFile; fileRef = 339D02232C24E6AB00B1BE7A /* ProductScreen.swift */; };
		339D02262C250EE400B1BE7A /* ProductManager.swift in Sources */ = {isa = PBXBuildFile; fileRef = 339D02252C250EE400B1BE7A /* ProductManager.swift */; };
		339D02292C2517CF00B1BE7A /* DetailScreen.swift in Sources */ = {isa = PBXBuildFile; fileRef = 339D02282C2517CF00B1BE7A /* DetailScreen.swift */; };
		339D022B2C25180100B1BE7A /* DetailViewController.swift in Sources */ = {isa = PBXBuildFile; fileRef = 339D022A2C25180100B1BE7A /* DetailViewController.swift */; };
/* End PBXBuildFile section */

/* Begin PBXFileReference section */
		339D01F72C24B89000B1BE7A /* CadastroProdutos.app */ = {isa = PBXFileReference; explicitFileType = wrapper.application; includeInIndex = 0; path = CadastroProdutos.app; sourceTree = BUILT_PRODUCTS_DIR; };
		339D01FA2C24B89000B1BE7A /* AppDelegate.swift */ = {isa = PBXFileReference; lastKnownFileType = sourcecode.swift; path = AppDelegate.swift; sourceTree = "<group>"; };
		339D01FC2C24B89000B1BE7A /* SceneDelegate.swift */ = {isa = PBXFileReference; lastKnownFileType = sourcecode.swift; path = SceneDelegate.swift; sourceTree = "<group>"; };
		339D01FE2C24B89000B1BE7A /* ViewController.swift */ = {isa = PBXFileReference; lastKnownFileType = sourcecode.swift; path = ViewController.swift; sourceTree = "<group>"; };
		339D02032C24B89200B1BE7A /* Assets.xcassets */ = {isa = PBXFileReference; lastKnownFileType = folder.assetcatalog; path = Assets.xcassets; sourceTree = "<group>"; };
		339D02062C24B89200B1BE7A /* Base */ = {isa = PBXFileReference; lastKnownFileType = file.storyboard; name = Base; path = Base.lproj/LaunchScreen.storyboard; sourceTree = "<group>"; };
		339D02082C24B89200B1BE7A /* Info.plist */ = {isa = PBXFileReference; lastKnownFileType = text.plist.xml; path = Info.plist; sourceTree = "<group>"; };
		339D02102C24B91800B1BE7A /* RegisterViewController.swift */ = {isa = PBXFileReference; lastKnownFileType = sourcecode.swift; path = RegisterViewController.swift; sourceTree = "<group>"; };
		339D02142C24B96400B1BE7A /* RegisterScreen.swift */ = {isa = PBXFileReference; lastKnownFileType = sourcecode.swift; path = RegisterScreen.swift; sourceTree = "<group>"; };
		339D02192C24D4E800B1BE7A /* HomeScreen.swift */ = {isa = PBXFileReference; lastKnownFileType = sourcecode.swift; path = HomeScreen.swift; sourceTree = "<group>"; };
		339D021B2C24D4F800B1BE7A /* HomeViewController.swift */ = {isa = PBXFileReference; lastKnownFileType = sourcecode.swift; path = HomeViewController.swift; sourceTree = "<group>"; };
		339D021E2C24DA1200B1BE7A /* Product.swift */ = {isa = PBXFileReference; lastKnownFileType = sourcecode.swift; path = Product.swift; sourceTree = "<group>"; };
		339D02212C24E62D00B1BE7A /* ProductTableViewCell.swift */ = {isa = PBXFileReference; lastKnownFileType = sourcecode.swift; path = ProductTableViewCell.swift; sourceTree = "<group>"; };
		339D02232C24E6AB00B1BE7A /* ProductScreen.swift */ = {isa = PBXFileReference; lastKnownFileType = sourcecode.swift; path = ProductScreen.swift; sourceTree = "<group>"; };
		339D02252C250EE400B1BE7A /* ProductManager.swift */ = {isa = PBXFileReference; lastKnownFileType = sourcecode.swift; path = ProductManager.swift; sourceTree = "<group>"; };
		339D02282C2517CF00B1BE7A /* DetailScreen.swift */ = {isa = PBXFileReference; lastKnownFileType = sourcecode.swift; path = DetailScreen.swift; sourceTree = "<group>"; };
		339D022A2C25180100B1BE7A /* DetailViewController.swift */ = {isa = PBXFileReference; lastKnownFileType = sourcecode.swift; path = DetailViewController.swift; sourceTree = "<group>"; };
/* End PBXFileReference section */

/* Begin PBXFrameworksBuildPhase section */
		339D01F42C24B89000B1BE7A /* Frameworks */ = {
			isa = PBXFrameworksBuildPhase;
			buildActionMask = 2147483647;
			files = (
			);
			runOnlyForDeploymentPostprocessing = 0;
		};
/* End PBXFrameworksBuildPhase section */

/* Begin PBXGroup section */
		339D01EE2C24B89000B1BE7A = {
			isa = PBXGroup;
			children = (
				339D01F92C24B89000B1BE7A /* CadastroProdutos */,
				339D01F82C24B89000B1BE7A /* Products */,
			);
			sourceTree = "<group>";
		};
		339D01F82C24B89000B1BE7A /* Products */ = {
			isa = PBXGroup;
			children = (
				339D01F72C24B89000B1BE7A /* CadastroProdutos.app */,
			);
			name = Products;
			sourceTree = "<group>";
		};
		339D01F92C24B89000B1BE7A /* CadastroProdutos */ = {
			isa = PBXGroup;
			children = (
				339D021D2C24D9E700B1BE7A /* Product */,
				339D02272C2517B900B1BE7A /* Detail */,
				339D02162C24D49600B1BE7A /* Home */,
				339D020F2C24B90000B1BE7A /* Register */,
				339D01FA2C24B89000B1BE7A /* AppDelegate.swift */,
				339D01FC2C24B89000B1BE7A /* SceneDelegate.swift */,
				339D01FE2C24B89000B1BE7A /* ViewController.swift */,
				339D02032C24B89200B1BE7A /* Assets.xcassets */,
				339D02052C24B89200B1BE7A /* LaunchScreen.storyboard */,
				339D02082C24B89200B1BE7A /* Info.plist */,
			);
			path = CadastroProdutos;
			sourceTree = "<group>";
		};
		339D020F2C24B90000B1BE7A /* Register */ = {
			isa = PBXGroup;
			children = (
				339D02122C24B91F00B1BE7A /* ViewController */,
				339D02132C24B92F00B1BE7A /* Screen */,
			);
			path = Register;
			sourceTree = "<group>";
		};
		339D02122C24B91F00B1BE7A /* ViewController */ = {
			isa = PBXGroup;
			children = (
				339D02102C24B91800B1BE7A /* RegisterViewController.swift */,
			);
			path = ViewController;
			sourceTree = "<group>";
		};
		339D02132C24B92F00B1BE7A /* Screen */ = {
			isa = PBXGroup;
			children = (
				339D02142C24B96400B1BE7A /* RegisterScreen.swift */,
			);
			path = Screen;
			sourceTree = "<group>";
		};
		339D02162C24D49600B1BE7A /* Home */ = {
			isa = PBXGroup;
			children = (
				339D02202C24E60C00B1BE7A /* Cell */,
				339D02182C24D4AA00B1BE7A /* ViewController */,
				339D02172C24D4A300B1BE7A /* Screen */,
			);
			path = Home;
			sourceTree = "<group>";
		};
		339D02172C24D4A300B1BE7A /* Screen */ = {
			isa = PBXGroup;
			children = (
				339D02192C24D4E800B1BE7A /* HomeScreen.swift */,
			);
			path = Screen;
			sourceTree = "<group>";
		};
		339D02182C24D4AA00B1BE7A /* ViewController */ = {
			isa = PBXGroup;
			children = (
				339D021B2C24D4F800B1BE7A /* HomeViewController.swift */,
			);
			path = ViewController;
			sourceTree = "<group>";
		};
		339D021D2C24D9E700B1BE7A /* Product */ = {
			isa = PBXGroup;
			children = (
				339D021E2C24DA1200B1BE7A /* Product.swift */,
				339D02252C250EE400B1BE7A /* ProductManager.swift */,
			);
			path = Product;
			sourceTree = "<group>";
		};
		339D02202C24E60C00B1BE7A /* Cell */ = {
			isa = PBXGroup;
			children = (
				339D02212C24E62D00B1BE7A /* ProductTableViewCell.swift */,
				339D02232C24E6AB00B1BE7A /* ProductScreen.swift */,
			);
			path = Cell;
			sourceTree = "<group>";
		};
		339D02272C2517B900B1BE7A /* Detail */ = {
			isa = PBXGroup;
			children = (
				339D02282C2517CF00B1BE7A /* DetailScreen.swift */,
				339D022A2C25180100B1BE7A /* DetailViewController.swift */,
			);
			path = Detail;
			sourceTree = "<group>";
		};
/* End PBXGroup section */

/* Begin PBXNativeTarget section */
		339D01F62C24B89000B1BE7A /* CadastroProdutos */ = {
			isa = PBXNativeTarget;
			buildConfigurationList = 339D020B2C24B89200B1BE7A /* Build configuration list for PBXNativeTarget "CadastroProdutos" */;
			buildPhases = (
				339D01F32C24B89000B1BE7A /* Sources */,
				339D01F42C24B89000B1BE7A /* Frameworks */,
				339D01F52C24B89000B1BE7A /* Resources */,
			);
			buildRules = (
			);
			dependencies = (
			);
			name = CadastroProdutos;
			productName = CadastroProdutos;
			productReference = 339D01F72C24B89000B1BE7A /* CadastroProdutos.app */;
			productType = "com.apple.product-type.application";
		};
/* End PBXNativeTarget section */

/* Begin PBXProject section */
		339D01EF2C24B89000B1BE7A /* Project object */ = {
			isa = PBXProject;
			attributes = {
				BuildIndependentTargetsInParallel = 1;
				LastSwiftUpdateCheck = 1410;
				LastUpgradeCheck = 1410;
				TargetAttributes = {
					339D01F62C24B89000B1BE7A = {
						CreatedOnToolsVersion = 14.1;
					};
				};
			};
			buildConfigurationList = 339D01F22C24B89000B1BE7A /* Build configuration list for PBXProject "CadastroProdutos" */;
			compatibilityVersion = "Xcode 14.0";
			developmentRegion = en;
			hasScannedForEncodings = 0;
			knownRegions = (
				en,
				Base,
			);
			mainGroup = 339D01EE2C24B89000B1BE7A;
			productRefGroup = 339D01F82C24B89000B1BE7A /* Products */;
			projectDirPath = "";
			projectRoot = "";
			targets = (
				339D01F62C24B89000B1BE7A /* CadastroProdutos */,
			);
		};
/* End PBXProject section */

/* Begin PBXResourcesBuildPhase section */
		339D01F52C24B89000B1BE7A /* Resources */ = {
			isa = PBXResourcesBuildPhase;
			buildActionMask = 2147483647;
			files = (
				339D02072C24B89200B1BE7A /* LaunchScreen.storyboard in Resources */,
				339D02042C24B89200B1BE7A /* Assets.xcassets in Resources */,
			);
			runOnlyForDeploymentPostprocessing = 0;
		};
/* End PBXResourcesBuildPhase section */

/* Begin PBXSourcesBuildPhase section */
		339D01F32C24B89000B1BE7A /* Sources */ = {
			isa = PBXSourcesBuildPhase;
			buildActionMask = 2147483647;
			files = (
				339D022B2C25180100B1BE7A /* DetailViewController.swift in Sources */,
				339D02152C24B96400B1BE7A /* RegisterScreen.swift in Sources */,
				339D02262C250EE400B1BE7A /* ProductManager.swift in Sources */,
				339D021F2C24DA1200B1BE7A /* Product.swift in Sources */,
				339D02222C24E62D00B1BE7A /* ProductTableViewCell.swift in Sources */,
				339D01FF2C24B89000B1BE7A /* ViewController.swift in Sources */,
				339D021A2C24D4E800B1BE7A /* HomeScreen.swift in Sources */,
				339D02242C24E6AB00B1BE7A /* ProductScreen.swift in Sources */,
				339D01FB2C24B89000B1BE7A /* AppDelegate.swift in Sources */,
				339D02292C2517CF00B1BE7A /* DetailScreen.swift in Sources */,
				339D01FD2C24B89000B1BE7A /* SceneDelegate.swift in Sources */,
				339D021C2C24D4F800B1BE7A /* HomeViewController.swift in Sources */,
				339D02112C24B91800B1BE7A /* RegisterViewController.swift in Sources */,
			);
			runOnlyForDeploymentPostprocessing = 0;
		};
/* End PBXSourcesBuildPhase section */

/* Begin PBXVariantGroup section */
		339D02052C24B89200B1BE7A /* LaunchScreen.storyboard */ = {
			isa = PBXVariantGroup;
			children = (
				339D02062C24B89200B1BE7A /* Base */,
			);
			name = LaunchScreen.storyboard;
			sourceTree = "<group>";
		};
/* End PBXVariantGroup section */

/* Begin XCBuildConfiguration section */
		339D02092C24B89200B1BE7A /* Debug */ = {
			isa = XCBuildConfiguration;
			buildSettings = {
				ALWAYS_SEARCH_USER_PATHS = NO;
				CLANG_ANALYZER_NONNULL = YES;
				CLANG_ANALYZER_NUMBER_OBJECT_CONVERSION = YES_AGGRESSIVE;
				CLANG_CXX_LANGUAGE_STANDARD = "gnu++20";
				CLANG_ENABLE_MODULES = YES;
				CLANG_ENABLE_OBJC_ARC = YES;
				CLANG_ENABLE_OBJC_WEAK = YES;
				CLANG_WARN_BLOCK_CAPTURE_AUTORELEASING = YES;
				CLANG_WARN_BOOL_CONVERSION = YES;
				CLANG_WARN_COMMA = YES;
				CLANG_WARN_CONSTANT_CONVERSION = YES;
				CLANG_WARN_DEPRECATED_OBJC_IMPLEMENTATIONS = YES;
				CLANG_WARN_DIRECT_OBJC_ISA_USAGE = YES_ERROR;
				CLANG_WARN_DOCUMENTATION_COMMENTS = YES;
				CLANG_WARN_EMPTY_BODY = YES;
				CLANG_WARN_ENUM_CONVERSION = YES;
				CLANG_WARN_INFINITE_RECURSION = YES;
				CLANG_WARN_INT_CONVERSION = YES;
				CLANG_WARN_NON_LITERAL_NULL_CONVERSION = YES;
				CLANG_WARN_OBJC_IMPLICIT_RETAIN_SELF = YES;
				CLANG_WARN_OBJC_LITERAL_CONVERSION = YES;
				CLANG_WARN_OBJC_ROOT_CLASS = YES_ERROR;
				CLANG_WARN_QUOTED_INCLUDE_IN_FRAMEWORK_HEADER = YES;
				CLANG_WARN_RANGE_LOOP_ANALYSIS = YES;
				CLANG_WARN_STRICT_PROTOTYPES = YES;
				CLANG_WARN_SUSPICIOUS_MOVE = YES;
				CLANG_WARN_UNGUARDED_AVAILABILITY = YES_AGGRESSIVE;
				CLANG_WARN_UNREACHABLE_CODE = YES;
				CLANG_WARN__DUPLICATE_METHOD_MATCH = YES;
				COPY_PHASE_STRIP = NO;
				DEBUG_INFORMATION_FORMAT = dwarf;
				ENABLE_STRICT_OBJC_MSGSEND = YES;
				ENABLE_TESTABILITY = YES;
				GCC_C_LANGUAGE_STANDARD = gnu11;
				GCC_DYNAMIC_NO_PIC = NO;
				GCC_NO_COMMON_BLOCKS = YES;
				GCC_OPTIMIZATION_LEVEL = 0;
				GCC_PREPROCESSOR_DEFINITIONS = (
					"DEBUG=1",
					"$(inherited)",
				);
				GCC_WARN_64_TO_32_BIT_CONVERSION = YES;
				GCC_WARN_ABOUT_RETURN_TYPE = YES_ERROR;
				GCC_WARN_UNDECLARED_SELECTOR = YES;
				GCC_WARN_UNINITIALIZED_AUTOS = YES_AGGRESSIVE;
				GCC_WARN_UNUSED_FUNCTION = YES;
				GCC_WARN_UNUSED_VARIABLE = YES;
				IPHONEOS_DEPLOYMENT_TARGET = 16.1;
				MTL_ENABLE_DEBUG_INFO = INCLUDE_SOURCE;
				MTL_FAST_MATH = YES;
				ONLY_ACTIVE_ARCH = YES;
				SDKROOT = iphoneos;
				SWIFT_ACTIVE_COMPILATION_CONDITIONS = DEBUG;
				SWIFT_OPTIMIZATION_LEVEL = "-Onone";
			};
			name = Debug;
		};
		339D020A2C24B89200B1BE7A /* Release */ = {
			isa = XCBuildConfiguration;
			buildSettings = {
				ALWAYS_SEARCH_USER_PATHS = NO;
				CLANG_ANALYZER_NONNULL = YES;
				CLANG_ANALYZER_NUMBER_OBJECT_CONVERSION = YES_AGGRESSIVE;
				CLANG_CXX_LANGUAGE_STANDARD = "gnu++20";
				CLANG_ENABLE_MODULES = YES;
				CLANG_ENABLE_OBJC_ARC = YES;
				CLANG_ENABLE_OBJC_WEAK = YES;
				CLANG_WARN_BLOCK_CAPTURE_AUTORELEASING = YES;
				CLANG_WARN_BOOL_CONVERSION = YES;
				CLANG_WARN_COMMA = YES;
				CLANG_WARN_CONSTANT_CONVERSION = YES;
				CLANG_WARN_DEPRECATED_OBJC_IMPLEMENTATIONS = YES;
				CLANG_WARN_DIRECT_OBJC_ISA_USAGE = YES_ERROR;
				CLANG_WARN_DOCUMENTATION_COMMENTS = YES;
				CLANG_WARN_EMPTY_BODY = YES;
				CLANG_WARN_ENUM_CONVERSION = YES;
				CLANG_WARN_INFINITE_RECURSION = YES;
				CLANG_WARN_INT_CONVERSION = YES;
				CLANG_WARN_NON_LITERAL_NULL_CONVERSION = YES;
				CLANG_WARN_OBJC_IMPLICIT_RETAIN_SELF = YES;
				CLANG_WARN_OBJC_LITERAL_CONVERSION = YES;
				CLANG_WARN_OBJC_ROOT_CLASS = YES_ERROR;
				CLANG_WARN_QUOTED_INCLUDE_IN_FRAMEWORK_HEADER = YES;
				CLANG_WARN_RANGE_LOOP_ANALYSIS = YES;
				CLANG_WARN_STRICT_PROTOTYPES = YES;
				CLANG_WARN_SUSPICIOUS_MOVE = YES;
				CLANG_WARN_UNGUARDED_AVAILABILITY = YES_AGGRESSIVE;
				CLANG_WARN_UNREACHABLE_CODE = YES;
				CLANG_WARN__DUPLICATE_METHOD_MATCH = YES;
				COPY_PHASE_STRIP = NO;
				DEBUG_INFORMATION_FORMAT = "dwarf-with-dsym";
				ENABLE_NS_ASSERTIONS = NO;
				ENABLE_STRICT_OBJC_MSGSEND = YES;
				GCC_C_LANGUAGE_STANDARD = gnu11;
				GCC_NO_COMMON_BLOCKS = YES;
				GCC_WARN_64_TO_32_BIT_CONVERSION = YES;
				GCC_WARN_ABOUT_RETURN_TYPE = YES_ERROR;
				GCC_WARN_UNDECLARED_SELECTOR = YES;
				GCC_WARN_UNINITIALIZED_AUTOS = YES_AGGRESSIVE;
				GCC_WARN_UNUSED_FUNCTION = YES;
				GCC_WARN_UNUSED_VARIABLE = YES;
				IPHONEOS_DEPLOYMENT_TARGET = 16.1;
				MTL_ENABLE_DEBUG_INFO = NO;
				MTL_FAST_MATH = YES;
				SDKROOT = iphoneos;
				SWIFT_COMPILATION_MODE = wholemodule;
				SWIFT_OPTIMIZATION_LEVEL = "-O";
				VALIDATE_PRODUCT = YES;
			};
			name = Release;
		};
		339D020C2C24B89200B1BE7A /* Debug */ = {
			isa = XCBuildConfiguration;
			buildSettings = {
				ASSETCATALOG_COMPILER_APPICON_NAME = AppIcon;
				ASSETCATALOG_COMPILER_GLOBAL_ACCENT_COLOR_NAME = AccentColor;
				CODE_SIGN_STYLE = Automatic;
				CURRENT_PROJECT_VERSION = 1;
				GENERATE_INFOPLIST_FILE = YES;
				INFOPLIST_FILE = CadastroProdutos/Info.plist;
				INFOPLIST_KEY_UIApplicationSupportsIndirectInputEvents = YES;
				INFOPLIST_KEY_UILaunchStoryboardName = LaunchScreen;
				INFOPLIST_KEY_UIMainStoryboardFile = "";
				INFOPLIST_KEY_UISupportedInterfaceOrientations_iPad = "UIInterfaceOrientationPortrait UIInterfaceOrientationPortraitUpsideDown UIInterfaceOrientationLandscapeLeft UIInterfaceOrientationLandscapeRight";
				INFOPLIST_KEY_UISupportedInterfaceOrientations_iPhone = "UIInterfaceOrientationPortrait UIInterfaceOrientationLandscapeLeft UIInterfaceOrientationLandscapeRight";
				LD_RUNPATH_SEARCH_PATHS = (
					"$(inherited)",
					"@executable_path/Frameworks",
				);
				MARKETING_VERSION = 1.0;
				PRODUCT_BUNDLE_IDENTIFIER = CompanyFontsi.CadastroProdutos;
				PRODUCT_NAME = "$(TARGET_NAME)";
				SUPPORTED_PLATFORMS = "iphoneos iphonesimulator";
				SUPPORTS_MACCATALYST = NO;
				SUPPORTS_MAC_DESIGNED_FOR_IPHONE_IPAD = NO;
				SWIFT_EMIT_LOC_STRINGS = YES;
				SWIFT_VERSION = 5.0;
				TARGETED_DEVICE_FAMILY = 1;
			};
			name = Debug;
		};
		339D020D2C24B89200B1BE7A /* Release */ = {
			isa = XCBuildConfiguration;
			buildSettings = {
				ASSETCATALOG_COMPILER_APPICON_NAME = AppIcon;
				ASSETCATALOG_COMPILER_GLOBAL_ACCENT_COLOR_NAME = AccentColor;
				CODE_SIGN_STYLE = Automatic;
				CURRENT_PROJECT_VERSION = 1;
				GENERATE_INFOPLIST_FILE = YES;
				INFOPLIST_FILE = CadastroProdutos/Info.plist;
				INFOPLIST_KEY_UIApplicationSupportsIndirectInputEvents = YES;
				INFOPLIST_KEY_UILaunchStoryboardName = LaunchScreen;
				INFOPLIST_KEY_UIMainStoryboardFile = "";
				INFOPLIST_KEY_UISupportedInterfaceOrientations_iPad = "UIInterfaceOrientationPortrait UIInterfaceOrientationPortraitUpsideDown UIInterfaceOrientationLandscapeLeft UIInterfaceOrientationLandscapeRight";
				INFOPLIST_KEY_UISupportedInterfaceOrientations_iPhone = "UIInterfaceOrientationPortrait UIInterfaceOrientationLandscapeLeft UIInterfaceOrientationLandscapeRight";
				LD_RUNPATH_SEARCH_PATHS = (
					"$(inherited)",
					"@executable_path/Frameworks",
				);
				MARKETING_VERSION = 1.0;
				PRODUCT_BUNDLE_IDENTIFIER = CompanyFontsi.CadastroProdutos;
				PRODUCT_NAME = "$(TARGET_NAME)";
				SUPPORTED_PLATFORMS = "iphoneos iphonesimulator";
				SUPPORTS_MACCATALYST = NO;
				SUPPORTS_MAC_DESIGNED_FOR_IPHONE_IPAD = NO;
				SWIFT_EMIT_LOC_STRINGS = YES;
				SWIFT_VERSION = 5.0;
				TARGETED_DEVICE_FAMILY = 1;
			};
			name = Release;
		};
/* End XCBuildConfiguration section */

/* Begin XCConfigurationList section */
		339D01F22C24B89000B1BE7A /* Build configuration list for PBXProject "CadastroProdutos" */ = {
			isa = XCConfigurationList;
			buildConfigurations = (
				339D02092C24B89200B1BE7A /* Debug */,
				339D020A2C24B89200B1BE7A /* Release */,
			);
			defaultConfigurationIsVisible = 0;
			defaultConfigurationName = Release;
		};
		339D020B2C24B89200B1BE7A /* Build configuration list for PBXNativeTarget "CadastroProdutos" */ = {
			isa = XCConfigurationList;
			buildConfigurations = (
				339D020C2C24B89200B1BE7A /* Debug */,
				339D020D2C24B89200B1BE7A /* Release */,
			);
			defaultConfigurationIsVisible = 0;
			defaultConfigurationName = Release;
		};
/* End XCConfigurationList section */
	};
	rootObject = 339D01EF2C24B89000B1BE7A /* Project object */;
}
